// !$*UTF8*$!
{
	archiveVersion = 1;
	classes = {
	};
	objectVersion = 46;
	objects = {

/* Begin PBXBuildFile section */
		DE2C5D8D1B30BEA600E156F0 /* AppDelegate.swift in Sources */ = {isa = PBXBuildFile; fileRef = DE2C5D8C1B30BEA600E156F0 /* AppDelegate.swift */; };
		DE2C5D8F1B30BEA600E156F0 /* ViewController.swift in Sources */ = {isa = PBXBuildFile; fileRef = DE2C5D8E1B30BEA600E156F0 /* ViewController.swift */; };
		DE2C5D921B30BEA600E156F0 /* Main.storyboard in Resources */ = {isa = PBXBuildFile; fileRef = DE2C5D901B30BEA600E156F0 /* Main.storyboard */; };
		DE2C5D941B30BEA600E156F0 /* Images.xcassets in Resources */ = {isa = PBXBuildFile; fileRef = DE2C5D931B30BEA600E156F0 /* Images.xcassets */; };
		DE2C5D971B30BEA600E156F0 /* LaunchScreen.xib in Resources */ = {isa = PBXBuildFile; fileRef = DE2C5D951B30BEA600E156F0 /* LaunchScreen.xib */; };
		DE2C5DA31B30BEA600E156F0 /* PostcardTests.swift in Sources */ = {isa = PBXBuildFile; fileRef = DE2C5DA21B30BEA600E156F0 /* PostcardTests.swift */; };
/* End PBXBuildFile section */

/* Begin PBXContainerItemProxy section */
		DE2C5D9D1B30BEA600E156F0 /* PBXContainerItemProxy */ = {
			isa = PBXContainerItemProxy;
			containerPortal = DE2C5D7F1B30BEA600E156F0 /* Project object */;
			proxyType = 1;
			remoteGlobalIDString = DE2C5D861B30BEA600E156F0;
			remoteInfo = Postcard;
		};
/* End PBXContainerItemProxy section */

/* Begin PBXFileReference section */
		DE2C5D871B30BEA600E156F0 /* Postcard.app */ = {isa = PBXFileReference; explicitFileType = wrapper.application; includeInIndex = 0; path = Postcard.app; sourceTree = BUILT_PRODUCTS_DIR; };
		DE2C5D8B1B30BEA600E156F0 /* Info.plist */ = {isa = PBXFileReference; lastKnownFileType = text.plist.xml; path = Info.plist; sourceTree = "<group>"; };
		DE2C5D8C1B30BEA600E156F0 /* AppDelegate.swift */ = {isa = PBXFileReference; lastKnownFileType = sourcecode.swift; path = AppDelegate.swift; sourceTree = "<group>"; };
		DE2C5D8E1B30BEA600E156F0 /* ViewController.swift */ = {isa = PBXFileReference; lastKnownFileType = sourcecode.swift; path = ViewController.swift; sourceTree = "<group>"; };
		DE2C5D911B30BEA600E156F0 /* Base */ = {isa = PBXFileReference; lastKnownFileType = file.storyboard; name = Base; path = Base.lproj/Main.storyboard; sourceTree = "<group>"; };
		DE2C5D931B30BEA600E156F0 /* Images.xcassets */ = {isa = PBXFileReference; lastKnownFileType = folder.assetcatalog; path = Images.xcassets; sourceTree = "<group>"; };
		DE2C5D961B30BEA600E156F0 /* Base */ = {isa = PBXFileReference; lastKnownFileType = file.xib; name = Base; path = Base.lproj/LaunchScreen.xib; sourceTree = "<group>"; };
		DE2C5D9C1B30BEA600E156F0 /* PostcardTests.xctest */ = {isa = PBXFileReference; explicitFileType = wrapper.cfbundle; includeInIndex = 0; path = PostcardTests.xctest; sourceTree = BUILT_PRODUCTS_DIR; };
		DE2C5DA11B30BEA600E156F0 /* Info.plist */ = {isa = PBXFileReference; lastKnownFileType = text.plist.xml; path = Info.plist; sourceTree = "<group>"; };
		DE2C5DA21B30BEA600E156F0 /* PostcardTests.swift */ = {isa = PBXFileReference; lastKnownFileType = sourcecode.swift; path = PostcardTests.swift; sourceTree = "<group>"; };
/* End PBXFileReference section */

/* Begin PBXFrameworksBuildPhase section */
		DE2C5D841B30BEA600E156F0 /* Frameworks */ = {
			isa = PBXFrameworksBuildPhase;
			buildActionMask = 2147483647;
			files = (
			);
			runOnlyForDeploymentPostprocessing = 0;
		};
		DE2C5D991B30BEA600E156F0 /* Frameworks */ = {
			isa = PBXFrameworksBuildPhase;
			buildActionMask = 2147483647;
			files = (
			);
			runOnlyForDeploymentPostprocessing = 0;
		};
/* End PBXFrameworksBuildPhase section */

/* Begin PBXGroup section */
		DE2C5D7E1B30BEA600E156F0 = {
			isa = PBXGroup;
			children = (
				DE2C5D891B30BEA600E156F0 /* Postcard */,
				DE2C5D9F1B30BEA600E156F0 /* PostcardTests */,
				DE2C5D881B30BEA600E156F0 /* Products */,
			);
			sourceTree = "<group>";
		};
		DE2C5D881B30BEA600E156F0 /* Products */ = {
			isa = PBXGroup;
			children = (
				DE2C5D871B30BEA600E156F0 /* Postcard.app */,
				DE2C5D9C1B30BEA600E156F0 /* PostcardTests.xctest */,
			);
			name = Products;
			sourceTree = "<group>";
		};
		DE2C5D891B30BEA600E156F0 /* Postcard */ = {
			isa = PBXGroup;
			children = (
				DE2C5D8C1B30BEA600E156F0 /* AppDelegate.swift */,
				DE2C5D8E1B30BEA600E156F0 /* ViewController.swift */,
				DE2C5D901B30BEA600E156F0 /* Main.storyboard */,
				DE2C5D931B30BEA600E156F0 /* Images.xcassets */,
				DE2C5D951B30BEA600E156F0 /* LaunchScreen.xib */,
				DE2C5D8A1B30BEA600E156F0 /* Supporting Files */,
			);
			path = Postcard;
			sourceTree = "<group>";
		};
		DE2C5D8A1B30BEA600E156F0 /* Supporting Files */ = {
			isa = PBXGroup;
			children = (
				DE2C5D8B1B30BEA600E156F0 /* Info.plist */,
			);
			name = "Supporting Files";
			sourceTree = "<group>";
		};
		DE2C5D9F1B30BEA600E156F0 /* PostcardTests */ = {
			isa = PBXGroup;
			children = (
				DE2C5DA21B30BEA600E156F0 /* PostcardTests.swift */,
				DE2C5DA01B30BEA600E156F0 /* Supporting Files */,
			);
			path = PostcardTests;
			sourceTree = "<group>";
		};
		DE2C5DA01B30BEA600E156F0 /* Supporting Files */ = {
			isa = PBXGroup;
			children = (
				DE2C5DA11B30BEA600E156F0 /* Info.plist */,
			);
			name = "Supporting Files";
			sourceTree = "<group>";
		};
/* End PBXGroup section */

/* Begin PBXNativeTarget section */
		DE2C5D861B30BEA600E156F0 /* Postcard */ = {
			isa = PBXNativeTarget;
			buildConfigurationList = DE2C5DA61B30BEA600E156F0 /* Build configuration list for PBXNativeTarget "Postcard" */;
			buildPhases = (
				DE2C5D831B30BEA600E156F0 /* Sources */,
				DE2C5D841B30BEA600E156F0 /* Frameworks */,
				DE2C5D851B30BEA600E156F0 /* Resources */,
			);
			buildRules = (
			);
			dependencies = (
			);
			name = Postcard;
			productName = Postcard;
			productReference = DE2C5D871B30BEA600E156F0 /* Postcard.app */;
			productType = "com.apple.product-type.application";
		};
		DE2C5D9B1B30BEA600E156F0 /* PostcardTests */ = {
			isa = PBXNativeTarget;
			buildConfigurationList = DE2C5DA91B30BEA600E156F0 /* Build configuration list for PBXNativeTarget "PostcardTests" */;
			buildPhases = (
				DE2C5D981B30BEA600E156F0 /* Sources */,
				DE2C5D991B30BEA600E156F0 /* Frameworks */,
				DE2C5D9A1B30BEA600E156F0 /* Resources */,
			);
			buildRules = (
			);
			dependencies = (
				DE2C5D9E1B30BEA600E156F0 /* PBXTargetDependency */,
			);
			name = PostcardTests;
			productName = PostcardTests;
			productReference = DE2C5D9C1B30BEA600E156F0 /* PostcardTests.xctest */;
			productType = "com.apple.product-type.bundle.unit-test";
		};
/* End PBXNativeTarget section */

/* Begin PBXProject section */
		DE2C5D7F1B30BEA600E156F0 /* Project object */ = {
			isa = PBXProject;
			attributes = {
				LastUpgradeCheck = 0630;
				ORGANIZATIONNAME = mulafinancial;
				TargetAttributes = {
					DE2C5D861B30BEA600E156F0 = {
						CreatedOnToolsVersion = 6.3.2;
					};
					DE2C5D9B1B30BEA600E156F0 = {
						CreatedOnToolsVersion = 6.3.2;
						TestTargetID = DE2C5D861B30BEA600E156F0;
					};
				};
			};
			buildConfigurationList = DE2C5D821B30BEA600E156F0 /* Build configuration list for PBXProject "Postcard" */;
			compatibilityVersion = "Xcode 3.2";
			developmentRegion = English;
			hasScannedForEncodings = 0;
			knownRegions = (
				en,
				Base,
			);
			mainGroup = DE2C5D7E1B30BEA600E156F0;
			productRefGroup = DE2C5D881B30BEA600E156F0 /* Products */;
			projectDirPath = "";
			projectRoot = "";
			targets = (
				DE2C5D861B30BEA600E156F0 /* Postcard */,
				DE2C5D9B1B30BEA600E156F0 /* PostcardTests */,
			);
		};
/* End PBXProject section */

/* Begin PBXResourcesBuildPhase section */
		DE2C5D851B30BEA600E156F0 /* Resources */ = {
			isa = PBXResourcesBuildPhase;
			buildActionMask = 2147483647;
			files = (
				DE2C5D921B30BEA600E156F0 /* Main.storyboard in Resources */,
				DE2C5D971B30BEA600E156F0 /* LaunchScreen.xib in Resources */,
				DE2C5D941B30BEA600E156F0 /* Images.xcassets in Resources */,
			);
			runOnlyForDeploymentPostprocessing = 0;
		};
		DE2C5D9A1B30BEA600E156F0 /* Resources */ = {
			isa = PBXResourcesBuildPhase;
			buildActionMask = 2147483647;
			files = (
			);
			runOnlyForDeploymentPostprocessing = 0;
		};
/* End PBXResourcesBuildPhase section */

/* Begin PBXSourcesBuildPhase section */
		DE2C5D831B30BEA600E156F0 /* Sources */ = {
			isa = PBXSourcesBuildPhase;
			buildActionMask = 2147483647;
			files = (
				DE2C5D8F1B30BEA600E156F0 /* ViewController.swift in Sources */,
				DE2C5D8D1B30BEA600E156F0 /* AppDelegate.swift in Sources */,
			);
			runOnlyForDeploymentPostprocessing = 0;
		};
		DE2C5D981B30BEA600E156F0 /* Sources */ = {
			isa = PBXSourcesBuildPhase;
			buildActionMask = 2147483647;
			files = (
				DE2C5DA31B30BEA600E156F0 /* PostcardTests.swift in Sources */,
			);
			runOnlyForDeploymentPostprocessing = 0;
		};
/* End PBXSourcesBuildPhase section */

/* Begin PBXTargetDependency section */
		DE2C5D9E1B30BEA600E156F0 /* PBXTargetDependency */ = {
			isa = PBXTargetDependency;
			target = DE2C5D861B30BEA600E156F0 /* Postcard */;
			targetProxy = DE2C5D9D1B30BEA600E156F0 /* PBXContainerItemProxy */;
		};
/* End PBXTargetDependency section */

/* Begin PBXVariantGroup section */
		DE2C5D901B30BEA600E156F0 /* Main.storyboard */ = {
			isa = PBXVariantGroup;
			children = (
				DE2C5D911B30BEA600E156F0 /* Base */,
			);
			name = Main.storyboard;
			sourceTree = "<group>";
		};
		DE2C5D951B30BEA600E156F0 /* LaunchScreen.xib */ = {
			isa = PBXVariantGroup;
			children = (
				DE2C5D961B30BEA600E156F0 /* Base */,
			);
			name = LaunchScreen.xib;
			sourceTree = "<group>";
		};
/* End PBXVariantGroup section */

/* Begin XCBuildConfiguration section */
		DE2C5DA41B30BEA600E156F0 /* Debug */ = {
			isa = XCBuildConfiguration;
			buildSettings = {
				ALWAYS_SEARCH_USER_PATHS = NO;
				CLANG_CXX_LANGUAGE_STANDARD = "gnu++0x";
				CLANG_CXX_LIBRARY = "libc++";
				CLANG_ENABLE_MODULES = YES;
				CLANG_ENABLE_OBJC_ARC = YES;
				CLANG_WARN_BOOL_CONVERSION = YES;
				CLANG_WARN_CONSTANT_CONVERSION = YES;
				CLANG_WARN_DIRECT_OBJC_ISA_USAGE = YES_ERROR;
				CLANG_WARN_EMPTY_BODY = YES;
				CLANG_WARN_ENUM_CONVERSION = YES;
				CLANG_WARN_INT_CONVERSION = YES;
				CLANG_WARN_OBJC_ROOT_CLASS = YES_ERROR;
				CLANG_WARN_UNREACHABLE_CODE = YES;
				CLANG_WARN__DUPLICATE_METHOD_MATCH = YES;
				"CODE_SIGN_IDENTITY[sdk=iphoneos*]" = "iPhone Developer";
				COPY_PHASE_STRIP = NO;
				DEBUG_INFORMATION_FORMAT = "dwarf-with-dsym";
				ENABLE_STRICT_OBJC_MSGSEND = YES;
				GCC_C_LANGUAGE_STANDARD = gnu99;
				GCC_DYNAMIC_NO_PIC = NO;
				GCC_NO_COMMON_BLOCKS = YES;
				GCC_OPTIMIZATION_LEVEL = 0;
				GCC_PREPROCESSOR_DEFINITIONS = (
					"DEBUG=1",
					"$(inherited)",
				);
				GCC_SYMBOLS_PRIVATE_EXTERN = NO;
				GCC_WARN_64_TO_32_BIT_CONVERSION = YES;
				GCC_WARN_ABOUT_RETURN_TYPE = YES_ERROR;
				GCC_WARN_UNDECLARED_SELECTOR = YES;
				GCC_WARN_UNINITIALIZED_AUTOS = YES_AGGRESSIVE;
				GCC_WARN_UNUSED_FUNCTION = YES;
				GCC_WARN_UNUSED_VARIABLE = YES;
				IPHONEOS_DEPLOYMENT_TARGET = 8.3;
				MTL_ENABLE_DEBUG_INFO = YES;
				ONLY_ACTIVE_ARCH = YES;
				SDKROOT = iphoneos;
				SWIFT_OPTIMIZATION_LEVEL = "-Onone";
				TARGETED_DEVICE_FAMILY = "1,2";
			};
			name = Debug;
		};
		DE2C5DA51B30BEA600E156F0 /* Release */ = {
			isa = XCBuildConfiguration;
			buildSettings = {
				ALWAYS_SEARCH_USER_PATHS = NO;
				CLANG_CXX_LANGUAGE_STANDARD = "gnu++0x";
				CLANG_CXX_LIBRARY = "libc++";
				CLANG_ENABLE_MODULES = YES;
				CLANG_ENABLE_OBJC_ARC = YES;
				CLANG_WARN_BOOL_CONVERSION = YES;
				CLANG_WARN_CONSTANT_CONVERSION = YES;
				CLANG_WARN_DIRECT_OBJC_ISA_USAGE = YES_ERROR;
				CLANG_WARN_EMPTY_BODY = YES;
				CLANG_WARN_ENUM_CONVERSION = YES;
				CLANG_WARN_INT_CONVERSION = YES;
				CLANG_WARN_OBJC_ROOT_CLASS = YES_ERROR;
				CLANG_WARN_UNREACHABLE_CODE = YES;
				CLANG_WARN__DUPLICATE_METHOD_MATCH = YES;
				"CODE_SIGN_IDENTITY[sdk=iphoneos*]" = "iPhone Developer";
				COPY_PHASE_STRIP = NO;
				DEBUG_INFORMATION_FORMAT = "dwarf-with-dsym";
				ENABLE_NS_ASSERTIONS = NO;
				ENABLE_STRICT_OBJC_MSGSEND = YES;
				GCC_C_LANGUAGE_STANDARD = gnu99;
				GCC_NO_COMMON_BLOCKS = YES;
				GCC_WARN_64_TO_32_BIT_CONVERSION = YES;
				GCC_WARN_ABOUT_RETURN_TYPE = YES_ERROR;
				GCC_WARN_UNDECLARED_SELECTOR = YES;
				GCC_WARN_UNINITIALIZED_AUTOS = YES_AGGRESSIVE;
				GCC_WARN_UNUSED_FUNCTION = YES;
				GCC_WARN_UNUSED_VARIABLE = YES;
				IPHONEOS_DEPLOYMENT_TARGET = 8.3;
				MTL_ENABLE_DEBUG_INFO = NO;
				SDKROOT = iphoneos;
				TARGETED_DEVICE_FAMILY = "1,2";
				VALIDATE_PRODUCT = YES;
			};
			name = Release;
		};
		DE2C5DA71B30BEA600E156F0 /* Debug */ = {
			isa = XCBuildConfiguration;
			buildSettings = {
				ASSETCATALOG_COMPILER_APPICON_NAME = AppIcon;
				INFOPLIST_FILE = Postcard/Info.plist;
				LD_RUNPATH_SEARCH_PATHS = "$(inherited) @executable_path/Frameworks";
				PRODUCT_NAME = "$(TARGET_NAME)";
			};
			name = Debug;
		};
		DE2C5DA81B30BEA600E156F0 /* Release */ = {
			isa = XCBuildConfiguration;
			buildSettings = {
				ASSETCATALOG_COMPILER_APPICON_NAME = AppIcon;
				INFOPLIST_FILE = Postcard/Info.plist;
				LD_RUNPATH_SEARCH_PATHS = "$(inherited) @executable_path/Frameworks";
				PRODUCT_NAME = "$(TARGET_NAME)";
			};
			name = Release;
		};
		DE2C5DAA1B30BEA600E156F0 /* Debug */ = {
			isa = XCBuildConfiguration;
			buildSettings = {
				BUNDLE_LOADER = "$(TEST_HOST)";
				FRAMEWORK_SEARCH_PATHS = (
					"$(SDKROOT)/Developer/Library/Frameworks",
					"$(inherited)",
				);
				GCC_PREPROCESSOR_DEFINITIONS = (
					"DEBUG=1",
					"$(inherited)",
				);
				INFOPLIST_FILE = PostcardTests/Info.plist;
				LD_RUNPATH_SEARCH_PATHS = "$(inherited) @executable_path/Frameworks @loader_path/Frameworks";
				PRODUCT_NAME = "$(TARGET_NAME)";
				TEST_HOST = "$(BUILT_PRODUCTS_DIR)/Postcard.app/Postcard";
			};
			name = Debug;
		};
		DE2C5DAB1B30BEA600E156F0 /* Release */ = {
			isa = XCBuildConfiguration;
			buildSettings = {
				BUNDLE_LOADER = "$(TEST_HOST)";
				FRAMEWORK_SEARCH_PATHS = (
					"$(SDKROOT)/Developer/Library/Frameworks",
					"$(inherited)",
				);
				INFOPLIST_FILE = PostcardTests/Info.plist;
				LD_RUNPATH_SEARCH_PATHS = "$(inherited) @executable_path/Frameworks @loader_path/Frameworks";
				PRODUCT_NAME = "$(TARGET_NAME)";
				TEST_HOST = "$(BUILT_PRODUCTS_DIR)/Postcard.app/Postcard";
			};
			name = Release;
		};
/* End XCBuildConfiguration section */

/* Begin XCConfigurationList section */
		DE2C5D821B30BEA600E156F0 /* Build configuration list for PBXProject "Postcard" */ = {
			isa = XCConfigurationList;
			buildConfigurations = (
				DE2C5DA41B30BEA600E156F0 /* Debug */,
				DE2C5DA51B30BEA600E156F0 /* Release */,
			);
			defaultConfigurationIsVisible = 0;
			defaultConfigurationName = Release;
		};
		DE2C5DA61B30BEA600E156F0 /* Build configuration list for PBXNativeTarget "Postcard" */ = {
			isa = XCConfigurationList;
			buildConfigurations = (
				DE2C5DA71B30BEA600E156F0 /* Debug */,
				DE2C5DA81B30BEA600E156F0 /* Release */,
			);
			defaultConfigurationIsVisible = 0;
		};
		DE2C5DA91B30BEA600E156F0 /* Build configuration list for PBXNativeTarget "PostcardTests" */ = {
			isa = XCConfigurationList;
			buildConfigurations = (
				DE2C5DAA1B30BEA600E156F0 /* Debug */,
				DE2C5DAB1B30BEA600E156F0 /* Release */,
			);
			defaultConfigurationIsVisible = 0;
		};
/* End XCConfigurationList section */
	};
	rootObject = DE2C5D7F1B30BEA600E156F0 /* Project object */;
}
